
Microsoft Visual Studio Solution File, Format Version 12.00
# Visual Studio Version 16
VisualStudioVersion = 16.0.31613.86
MinimumVisualStudioVersion = 10.0.40219.1
Project("{9A19103F-16F7-4668-BE54-9A1E7A4F7556}") = "StudentsApp", "StudentsApp\StudentsApp.csproj", "{885CBE39-2A43-409E-836B-07C17D3B3DF6}"
EndProject
Project("{FAE04EC0-301F-11D3-BF4B-00C04F79EFBC}") = "StudentsApp.Persistence", "StudentsApp.Persistence\StudentsApp.Persistence.csproj", "{815D3B57-BCCC-4500-A4FE-4AB917CFFEA2}"
EndProject
Project("{FAE04EC0-301F-11D3-BF4B-00C04F79EFBC}") = "StudentsApp.Services", "StudentsApp.Services\StudentsApp.Services.csproj", "{4D489217-3CD0-45DB-B479-093F4CA8F18A}"
EndProject
Global
	GlobalSection(SolutionConfigurationPlatforms) = preSolution
		Debug|Any CPU = Debug|Any CPU
		Release|Any CPU = Release|Any CPU
	EndGlobalSection
	GlobalSection(ProjectConfigurationPlatforms) = postSolution
		{885CBE39-2A43-409E-836B-07C17D3B3DF6}.Debug|Any CPU.ActiveCfg = Debug|Any CPU
		{885CBE39-2A43-409E-836B-07C17D3B3DF6}.Debug|Any CPU.Build.0 = Debug|Any CPU
		{885CBE39-2A43-409E-836B-07C17D3B3DF6}.Release|Any CPU.ActiveCfg = Release|Any CPU
		{885CBE39-2A43-409E-836B-07C17D3B3DF6}.Release|Any CPU.Build.0 = Release|Any CPU
		{815D3B57-BCCC-4500-A4FE-4AB917CFFEA2}.Debug|Any CPU.ActiveCfg = Debug|Any CPU
		{815D3B57-BCCC-4500-A4FE-4AB917CFFEA2}.Debug|Any CPU.Build.0 = Debug|Any CPU
		{815D3B57-BCCC-4500-A4FE-4AB917CFFEA2}.Release|Any CPU.ActiveCfg = Release|Any CPU
		{815D3B57-BCCC-4500-A4FE-4AB917CFFEA2}.Release|Any CPU.Build.0 = Release|Any CPU
		{4D489217-3CD0-45DB-B479-093F4CA8F18A}.Debug|Any CPU.ActiveCfg = Debug|Any CPU
		{4D489217-3CD0-45DB-B479-093F4CA8F18A}.Debug|Any CPU.Build.0 = Debug|Any CPU
		{4D489217-3CD0-45DB-B479-093F4CA8F18A}.Release|Any CPU.ActiveCfg = Release|Any CPU
		{4D489217-3CD0-45DB-B479-093F4CA8F18A}.Release|Any CPU.Build.0 = Release|Any CPU
	EndGlobalSection
	GlobalSection(SolutionProperties) = preSolution
		HideSolutionNode = FALSE
	EndGlobalSection
	GlobalSection(ExtensibilityGlobals) = postSolution
		SolutionGuid = {A7CDCF0B-4213-4C59-B17B-ACDF1392568B}
	EndGlobalSection
EndGlobal
